// !$*UTF8*$!
{
	archiveVersion = 1;
	classes = {
	};
	objectVersion = 51;
	objects = {

/* Begin PBXBuildFile section */
		8E293F9A233CBC56000FA4CB /* MemberController.swift in Sources */ = {isa = PBXBuildFile; fileRef = 8E293F99233CBC56000FA4CB /* MemberController.swift */; };
		8E293F9E2342F3A8000FA4CB /* LoginViewController.swift in Sources */ = {isa = PBXBuildFile; fileRef = 8E293F9D2342F3A8000FA4CB /* LoginViewController.swift */; };
		8E293F9F23432690000FA4CB /* Main.storyboard in Resources */ = {isa = PBXBuildFile; fileRef = B7FDDC8C2209418900318481 /* Main.storyboard */; };
		8E293FA723458DF5000FA4CB /* MapViewController.swift in Sources */ = {isa = PBXBuildFile; fileRef = 8E293FA623458DF5000FA4CB /* MapViewController.swift */; };
		8E293FA92345BDB1000FA4CB /* SelectController.swift in Sources */ = {isa = PBXBuildFile; fileRef = 8E293FA82345BDB1000FA4CB /* SelectController.swift */; };
		8E2F23F0239DF86600BE4E7C /* SeekSignViewController.swift in Sources */ = {isa = PBXBuildFile; fileRef = 8E2F23EF239DF86600BE4E7C /* SeekSignViewController.swift */; };
		8E2F23F2239DF90800BE4E7C /* mViewController.swift in Sources */ = {isa = PBXBuildFile; fileRef = 8E2F23F1239DF90800BE4E7C /* mViewController.swift */; };
		8E815265233A131A003C7CCD /* ItemClass.swift in Sources */ = {isa = PBXBuildFile; fileRef = 8E815264233A131A003C7CCD /* ItemClass.swift */; };
		8E8D8CCE2338B0BD001630F6 /* FourController.swift in Sources */ = {isa = PBXBuildFile; fileRef = 8E8D8CCD2338B0BD001630F6 /* FourController.swift */; };
		8EF00054234717D4002ED120 /* GoogleService-Info.plist in Resources */ = {isa = PBXBuildFile; fileRef = 8EF00053234717D4002ED120 /* GoogleService-Info.plist */; };
		8EF0005623471967002ED120 /* GoogleService-Info.plist in Resources */ = {isa = PBXBuildFile; fileRef = 8EF0005523471966002ED120 /* GoogleService-Info.plist */; };
		B71D7B6322096A4900D85E81 /* OneController.swift in Sources */ = {isa = PBXBuildFile; fileRef = B71D7B6222096A4900D85E81 /* OneController.swift */; };
		B71D7B652209AA1500D85E81 /* Assets.xcassets in Resources */ = {isa = PBXBuildFile; fileRef = B71D7B642209AA1500D85E81 /* Assets.xcassets */; };
		B7A64D85232E27060021DFC8 /* TwoController.swift in Sources */ = {isa = PBXBuildFile; fileRef = B7A64D84232E27060021DFC8 /* TwoController.swift */; };
		B7A64D87232E3DE20021DFC8 /* ThreeController.swift in Sources */ = {isa = PBXBuildFile; fileRef = B7A64D86232E3DE20021DFC8 /* ThreeController.swift */; };
		B7FDDC892209418900318481 /* AppDelegate.swift in Sources */ = {isa = PBXBuildFile; fileRef = B7FDDC882209418900318481 /* AppDelegate.swift */; };
		B7FDDC8B2209418900318481 /* ViewController.swift in Sources */ = {isa = PBXBuildFile; fileRef = B7FDDC8A2209418900318481 /* ViewController.swift */; };
		B7FDDC932209418A00318481 /* LaunchScreen.storyboard in Resources */ = {isa = PBXBuildFile; fileRef = B7FDDC912209418A00318481 /* LaunchScreen.storyboard */; };
		F90D0322141BCB52D32BAFD7 /* Pods_Sixtymaster.framework in Frameworks */ = {isa = PBXBuildFile; fileRef = 891026AD8E3910C31B746CFE /* Pods_Sixtymaster.framework */; };
/* End PBXBuildFile section */

/* Begin PBXFileReference section */
		0C9C5CB78DB300155B3A0108 /* Pods-Sixtymaster.release.xcconfig */ = {isa = PBXFileReference; includeInIndex = 1; lastKnownFileType = text.xcconfig; name = "Pods-Sixtymaster.release.xcconfig"; path = "Target Support Files/Pods-Sixtymaster/Pods-Sixtymaster.release.xcconfig"; sourceTree = "<group>"; };
		891026AD8E3910C31B746CFE /* Pods_Sixtymaster.framework */ = {isa = PBXFileReference; explicitFileType = wrapper.framework; includeInIndex = 0; path = Pods_Sixtymaster.framework; sourceTree = BUILT_PRODUCTS_DIR; };
		8E293F99233CBC56000FA4CB /* MemberController.swift */ = {isa = PBXFileReference; lastKnownFileType = sourcecode.swift; path = MemberController.swift; sourceTree = "<group>"; };
		8E293F9D2342F3A8000FA4CB /* LoginViewController.swift */ = {isa = PBXFileReference; lastKnownFileType = sourcecode.swift; path = LoginViewController.swift; sourceTree = "<group>"; };
		8E293FA623458DF5000FA4CB /* MapViewController.swift */ = {isa = PBXFileReference; lastKnownFileType = sourcecode.swift; path = MapViewController.swift; sourceTree = "<group>"; };
		8E293FA82345BDB1000FA4CB /* SelectController.swift */ = {isa = PBXFileReference; lastKnownFileType = sourcecode.swift; path = SelectController.swift; sourceTree = "<group>"; };
		8E2F23EF239DF86600BE4E7C /* SeekSignViewController.swift */ = {isa = PBXFileReference; lastKnownFileType = sourcecode.swift; path = SeekSignViewController.swift; sourceTree = "<group>"; };
		8E2F23F1239DF90800BE4E7C /* mViewController.swift */ = {isa = PBXFileReference; lastKnownFileType = sourcecode.swift; path = mViewController.swift; sourceTree = "<group>"; };
		8E815264233A131A003C7CCD /* ItemClass.swift */ = {isa = PBXFileReference; lastKnownFileType = sourcecode.swift; path = ItemClass.swift; sourceTree = "<group>"; };
		8E8D8CCD2338B0BD001630F6 /* FourController.swift */ = {isa = PBXFileReference; lastKnownFileType = sourcecode.swift; path = FourController.swift; sourceTree = "<group>"; };
		8EF00053234717D4002ED120 /* GoogleService-Info.plist */ = {isa = PBXFileReference; fileEncoding = 4; lastKnownFileType = text.plist.xml; name = "GoogleService-Info.plist"; path = "../../../Downloads/GoogleService-Info.plist"; sourceTree = "<group>"; };
		8EF0005523471966002ED120 /* GoogleService-Info.plist */ = {isa = PBXFileReference; fileEncoding = 4; lastKnownFileType = text.plist.xml; name = "GoogleService-Info.plist"; path = "../../../Downloads/GoogleService-Info.plist"; sourceTree = "<group>"; };
		8EF000572347234C002ED120 /* 台灣好廟快搜.entitlements */ = {isa = PBXFileReference; lastKnownFileType = text.plist.entitlements; path = "台灣好廟快搜.entitlements"; sourceTree = "<group>"; };
		B301E10E89C1FE0A49A72E8F /* Pods-Sixtymaster.debug.xcconfig */ = {isa = PBXFileReference; includeInIndex = 1; lastKnownFileType = text.xcconfig; name = "Pods-Sixtymaster.debug.xcconfig"; path = "Target Support Files/Pods-Sixtymaster/Pods-Sixtymaster.debug.xcconfig"; sourceTree = "<group>"; };
		B71D7B6222096A4900D85E81 /* OneController.swift */ = {isa = PBXFileReference; lastKnownFileType = sourcecode.swift; path = OneController.swift; sourceTree = "<group>"; };
		B71D7B642209AA1500D85E81 /* Assets.xcassets */ = {isa = PBXFileReference; lastKnownFileType = folder.assetcatalog; path = Assets.xcassets; sourceTree = "<group>"; };
		B7A64D84232E27060021DFC8 /* TwoController.swift */ = {isa = PBXFileReference; lastKnownFileType = sourcecode.swift; path = TwoController.swift; sourceTree = "<group>"; };
		B7A64D86232E3DE20021DFC8 /* ThreeController.swift */ = {isa = PBXFileReference; lastKnownFileType = sourcecode.swift; path = ThreeController.swift; sourceTree = "<group>"; };
		B7FDDC852209418900318481 /* 台灣好廟快搜.app */ = {isa = PBXFileReference; explicitFileType = wrapper.application; includeInIndex = 0; path = "台灣好廟快搜.app"; sourceTree = BUILT_PRODUCTS_DIR; };
		B7FDDC882209418900318481 /* AppDelegate.swift */ = {isa = PBXFileReference; lastKnownFileType = sourcecode.swift; path = AppDelegate.swift; sourceTree = "<group>"; };
		B7FDDC8A2209418900318481 /* ViewController.swift */ = {isa = PBXFileReference; lastKnownFileType = sourcecode.swift; path = ViewController.swift; sourceTree = "<group>"; };
		B7FDDC8D2209418900318481 /* Base */ = {isa = PBXFileReference; lastKnownFileType = file.storyboard; name = Base; path = Base.lproj/Main.storyboard; sourceTree = "<group>"; };
		B7FDDC922209418A00318481 /* Base */ = {isa = PBXFileReference; lastKnownFileType = file.storyboard; name = Base; path = Base.lproj/LaunchScreen.storyboard; sourceTree = "<group>"; };
		B7FDDC942209418A00318481 /* Info.plist */ = {isa = PBXFileReference; lastKnownFileType = text.plist.xml; path = Info.plist; sourceTree = "<group>"; };
/* End PBXFileReference section */

/* Begin PBXFrameworksBuildPhase section */
		B7FDDC822209418900318481 /* Frameworks */ = {
			isa = PBXFrameworksBuildPhase;
			buildActionMask = 2147483647;
			files = (
				F90D0322141BCB52D32BAFD7 /* Pods_Sixtymaster.framework in Frameworks */,
			);
			runOnlyForDeploymentPostprocessing = 0;
		};
/* End PBXFrameworksBuildPhase section */

/* Begin PBXGroup section */
		91629FD59619FA9F41B7D3F1 /* Frameworks */ = {
			isa = PBXGroup;
			children = (
				891026AD8E3910C31B746CFE /* Pods_Sixtymaster.framework */,
			);
			name = Frameworks;
			sourceTree = "<group>";
		};
		B7FDDC7C2209418900318481 = {
			isa = PBXGroup;
			children = (
				B7FDDC872209418900318481 /* Sixtymaster */,
				B7FDDC862209418900318481 /* Products */,
				C002F55B81E428DA78971B67 /* Pods */,
				91629FD59619FA9F41B7D3F1 /* Frameworks */,
			);
			sourceTree = "<group>";
		};
		B7FDDC862209418900318481 /* Products */ = {
			isa = PBXGroup;
			children = (
				B7FDDC852209418900318481 /* 台灣好廟快搜.app */,
			);
			name = Products;
			sourceTree = "<group>";
		};
		B7FDDC872209418900318481 /* Sixtymaster */ = {
			isa = PBXGroup;
			children = (
				8EF000572347234C002ED120 /* 台灣好廟快搜.entitlements */,
				8EF00053234717D4002ED120 /* GoogleService-Info.plist */,
				8EF0005523471966002ED120 /* GoogleService-Info.plist */,
				8E293F9D2342F3A8000FA4CB /* LoginViewController.swift */,
				B7FDDC882209418900318481 /* AppDelegate.swift */,
				B7FDDC8A2209418900318481 /* ViewController.swift */,
				B7FDDC8C2209418900318481 /* Main.storyboard */,
				B7FDDC912209418A00318481 /* LaunchScreen.storyboard */,
				B7FDDC942209418A00318481 /* Info.plist */,
				B71D7B6222096A4900D85E81 /* OneController.swift */,
				B71D7B642209AA1500D85E81 /* Assets.xcassets */,
				B7A64D84232E27060021DFC8 /* TwoController.swift */,
				B7A64D86232E3DE20021DFC8 /* ThreeController.swift */,
				8E8D8CCD2338B0BD001630F6 /* FourController.swift */,
				8E815264233A131A003C7CCD /* ItemClass.swift */,
				8E293F99233CBC56000FA4CB /* MemberController.swift */,
				8E293FA623458DF5000FA4CB /* MapViewController.swift */,
				8E293FA82345BDB1000FA4CB /* SelectController.swift */,
				8E2F23EF239DF86600BE4E7C /* SeekSignViewController.swift */,
				8E2F23F1239DF90800BE4E7C /* mViewController.swift */,
			);
			path = Sixtymaster;
			sourceTree = "<group>";
		};
		C002F55B81E428DA78971B67 /* Pods */ = {
			isa = PBXGroup;
			children = (
				B301E10E89C1FE0A49A72E8F /* Pods-Sixtymaster.debug.xcconfig */,
				0C9C5CB78DB300155B3A0108 /* Pods-Sixtymaster.release.xcconfig */,
			);
			path = Pods;
			sourceTree = "<group>";
		};
/* End PBXGroup section */

/* Begin PBXNativeTarget section */
		B7FDDC842209418900318481 /* Sixtymaster */ = {
			isa = PBXNativeTarget;
			buildConfigurationList = B7FDDC972209418A00318481 /* Build configuration list for PBXNativeTarget "Sixtymaster" */;
			buildPhases = (
				5A415522C7A5E8C14BBBCCF3 /* [CP] Check Pods Manifest.lock */,
				B7FDDC812209418900318481 /* Sources */,
				B7FDDC822209418900318481 /* Frameworks */,
				B7FDDC832209418900318481 /* Resources */,
				55C72A5EE6621997E7E411B4 /* [CP] Embed Pods Frameworks */,
				2984C9AD680E6D12303AB74B /* [CP] Copy Pods Resources */,
			);
			buildRules = (
			);
			dependencies = (
			);
			name = Sixtymaster;
			productName = Sixtymaster;
			productReference = B7FDDC852209418900318481 /* 台灣好廟快搜.app */;
			productType = "com.apple.product-type.application";
		};
/* End PBXNativeTarget section */

/* Begin PBXProject section */
		B7FDDC7D2209418900318481 /* Project object */ = {
			isa = PBXProject;
			attributes = {
				LastSwiftUpdateCheck = 1010;
				LastUpgradeCheck = 1010;
				ORGANIZATIONNAME = jackpan;
				TargetAttributes = {
					B7FDDC842209418900318481 = {
						CreatedOnToolsVersion = 10.1;
					};
				};
			};
			buildConfigurationList = B7FDDC802209418900318481 /* Build configuration list for PBXProject "Sixtymaster" */;
			compatibilityVersion = "Xcode 9.3";
			developmentRegion = en;
			hasScannedForEncodings = 0;
			knownRegions = (
				en,
				Base,
			);
			mainGroup = B7FDDC7C2209418900318481;
			productRefGroup = B7FDDC862209418900318481 /* Products */;
			projectDirPath = "";
			projectRoot = "";
			targets = (
				B7FDDC842209418900318481 /* Sixtymaster */,
			);
		};
/* End PBXProject section */

/* Begin PBXResourcesBuildPhase section */
		B7FDDC832209418900318481 /* Resources */ = {
			isa = PBXResourcesBuildPhase;
			buildActionMask = 2147483647;
			files = (
				8E293F9F23432690000FA4CB /* Main.storyboard in Resources */,
				8EF00054234717D4002ED120 /* GoogleService-Info.plist in Resources */,
				8EF0005623471967002ED120 /* GoogleService-Info.plist in Resources */,
				B7FDDC932209418A00318481 /* LaunchScreen.storyboard in Resources */,
				B71D7B652209AA1500D85E81 /* Assets.xcassets in Resources */,
			);
			runOnlyForDeploymentPostprocessing = 0;
		};
/* End PBXResourcesBuildPhase section */

/* Begin PBXShellScriptBuildPhase section */
		2984C9AD680E6D12303AB74B /* [CP] Copy Pods Resources */ = {
			isa = PBXShellScriptBuildPhase;
			buildActionMask = 2147483647;
			files = (
			);
			inputFileListPaths = (
				"${PODS_ROOT}/Target Support Files/Pods-Sixtymaster/Pods-Sixtymaster-resources-${CONFIGURATION}-input-files.xcfilelist",
			);
			name = "[CP] Copy Pods Resources";
			outputFileListPaths = (
				"${PODS_ROOT}/Target Support Files/Pods-Sixtymaster/Pods-Sixtymaster-resources-${CONFIGURATION}-output-files.xcfilelist",
			);
			runOnlyForDeploymentPostprocessing = 0;
			shellPath = /bin/sh;
			shellScript = "\"${PODS_ROOT}/Target Support Files/Pods-Sixtymaster/Pods-Sixtymaster-resources.sh\"\n";
			showEnvVarsInLog = 0;
		};
		55C72A5EE6621997E7E411B4 /* [CP] Embed Pods Frameworks */ = {
			isa = PBXShellScriptBuildPhase;
			buildActionMask = 2147483647;
			files = (
			);
			inputFileListPaths = (
				"${PODS_ROOT}/Target Support Files/Pods-Sixtymaster/Pods-Sixtymaster-frameworks-${CONFIGURATION}-input-files.xcfilelist",
			);
			name = "[CP] Embed Pods Frameworks";
			outputFileListPaths = (
				"${PODS_ROOT}/Target Support Files/Pods-Sixtymaster/Pods-Sixtymaster-frameworks-${CONFIGURATION}-output-files.xcfilelist",
			);
			runOnlyForDeploymentPostprocessing = 0;
			shellPath = /bin/sh;
			shellScript = "\"${PODS_ROOT}/Target Support Files/Pods-Sixtymaster/Pods-Sixtymaster-frameworks.sh\"\n";
			showEnvVarsInLog = 0;
		};
		5A415522C7A5E8C14BBBCCF3 /* [CP] Check Pods Manifest.lock */ = {
			isa = PBXShellScriptBuildPhase;
			buildActionMask = 2147483647;
			files = (
			);
			inputFileListPaths = (
			);
			inputPaths = (
				"${PODS_PODFILE_DIR_PATH}/Podfile.lock",
				"${PODS_ROOT}/Manifest.lock",
			);
			name = "[CP] Check Pods Manifest.lock";
			outputFileListPaths = (
			);
			outputPaths = (
				"$(DERIVED_FILE_DIR)/Pods-Sixtymaster-checkManifestLockResult.txt",
			);
			runOnlyForDeploymentPostprocessing = 0;
			shellPath = /bin/sh;
			shellScript = "diff \"${PODS_PODFILE_DIR_PATH}/Podfile.lock\" \"${PODS_ROOT}/Manifest.lock\" > /dev/null\nif [ $? != 0 ] ; then\n    # print error to STDERR\n    echo \"error: The sandbox is not in sync with the Podfile.lock. Run 'pod install' or update your CocoaPods installation.\" >&2\n    exit 1\nfi\n# This output is used by Xcode 'outputs' to avoid re-running this script phase.\necho \"SUCCESS\" > \"${SCRIPT_OUTPUT_FILE_0}\"\n";
			showEnvVarsInLog = 0;
		};
/* End PBXShellScriptBuildPhase section */

/* Begin PBXSourcesBuildPhase section */
		B7FDDC812209418900318481 /* Sources */ = {
			isa = PBXSourcesBuildPhase;
			buildActionMask = 2147483647;
			files = (
				8E2F23F2239DF90800BE4E7C /* mViewController.swift in Sources */,
				8E293F9E2342F3A8000FA4CB /* LoginViewController.swift in Sources */,
				8E815265233A131A003C7CCD /* ItemClass.swift in Sources */,
				B7A64D85232E27060021DFC8 /* TwoController.swift in Sources */,
				8E293FA723458DF5000FA4CB /* MapViewController.swift in Sources */,
				B7FDDC8B2209418900318481 /* ViewController.swift in Sources */,
				B71D7B6322096A4900D85E81 /* OneController.swift in Sources */,
				8E8D8CCE2338B0BD001630F6 /* FourController.swift in Sources */,
				8E293F9A233CBC56000FA4CB /* MemberController.swift in Sources */,
				B7FDDC892209418900318481 /* AppDelegate.swift in Sources */,
				B7A64D87232E3DE20021DFC8 /* ThreeController.swift in Sources */,
				8E293FA92345BDB1000FA4CB /* SelectController.swift in Sources */,
				8E2F23F0239DF86600BE4E7C /* SeekSignViewController.swift in Sources */,
			);
			runOnlyForDeploymentPostprocessing = 0;
		};
/* End PBXSourcesBuildPhase section */

/* Begin PBXVariantGroup section */
		B7FDDC8C2209418900318481 /* Main.storyboard */ = {
			isa = PBXVariantGroup;
			children = (
				B7FDDC8D2209418900318481 /* Base */,
			);
			name = Main.storyboard;
			sourceTree = "<group>";
		};
		B7FDDC912209418A00318481 /* LaunchScreen.storyboard */ = {
			isa = PBXVariantGroup;
			children = (
				B7FDDC922209418A00318481 /* Base */,
			);
			name = LaunchScreen.storyboard;
			sourceTree = "<group>";
		};
/* End PBXVariantGroup section */

/* Begin XCBuildConfiguration section */
		B7FDDC952209418A00318481 /* Debug */ = {
			isa = XCBuildConfiguration;
			buildSettings = {
				ALWAYS_SEARCH_USER_PATHS = NO;
				CLANG_ANALYZER_NONNULL = YES;
				CLANG_ANALYZER_NUMBER_OBJECT_CONVERSION = YES_AGGRESSIVE;
				CLANG_CXX_LANGUAGE_STANDARD = "gnu++14";
				CLANG_CXX_LIBRARY = "libc++";
				CLANG_ENABLE_MODULES = YES;
				CLANG_ENABLE_OBJC_ARC = YES;
				CLANG_ENABLE_OBJC_WEAK = YES;
				CLANG_WARN_BLOCK_CAPTURE_AUTORELEASING = YES;
				CLANG_WARN_BOOL_CONVERSION = YES;
				CLANG_WARN_COMMA = YES;
				CLANG_WARN_CONSTANT_CONVERSION = YES;
				CLANG_WARN_DEPRECATED_OBJC_IMPLEMENTATIONS = YES;
				CLANG_WARN_DIRECT_OBJC_ISA_USAGE = YES_ERROR;
				CLANG_WARN_DOCUMENTATION_COMMENTS = YES;
				CLANG_WARN_EMPTY_BODY = YES;
				CLANG_WARN_ENUM_CONVERSION = YES;
				CLANG_WARN_INFINITE_RECURSION = YES;
				CLANG_WARN_INT_CONVERSION = YES;
				CLANG_WARN_NON_LITERAL_NULL_CONVERSION = YES;
				CLANG_WARN_OBJC_IMPLICIT_RETAIN_SELF = YES;
				CLANG_WARN_OBJC_LITERAL_CONVERSION = YES;
				CLANG_WARN_OBJC_ROOT_CLASS = YES_ERROR;
				CLANG_WARN_RANGE_LOOP_ANALYSIS = YES;
				CLANG_WARN_STRICT_PROTOTYPES = YES;
				CLANG_WARN_SUSPICIOUS_MOVE = YES;
				CLANG_WARN_UNGUARDED_AVAILABILITY = YES_AGGRESSIVE;
				CLANG_WARN_UNREACHABLE_CODE = YES;
				CLANG_WARN__DUPLICATE_METHOD_MATCH = YES;
				CODE_SIGN_IDENTITY = "iPhone Developer";
				COPY_PHASE_STRIP = NO;
				DEBUG_INFORMATION_FORMAT = dwarf;
				ENABLE_STRICT_OBJC_MSGSEND = YES;
				ENABLE_TESTABILITY = YES;
				GCC_C_LANGUAGE_STANDARD = gnu11;
				GCC_DYNAMIC_NO_PIC = NO;
				GCC_NO_COMMON_BLOCKS = YES;
				GCC_OPTIMIZATION_LEVEL = 0;
				GCC_PREPROCESSOR_DEFINITIONS = (
					"DEBUG=1",
					"$(inherited)",
				);
				GCC_WARN_64_TO_32_BIT_CONVERSION = YES;
				GCC_WARN_ABOUT_RETURN_TYPE = YES_ERROR;
				GCC_WARN_UNDECLARED_SELECTOR = YES;
				GCC_WARN_UNINITIALIZED_AUTOS = YES_AGGRESSIVE;
				GCC_WARN_UNUSED_FUNCTION = YES;
				GCC_WARN_UNUSED_VARIABLE = YES;
				IPHONEOS_DEPLOYMENT_TARGET = 13.0;
				MTL_ENABLE_DEBUG_INFO = INCLUDE_SOURCE;
				MTL_FAST_MATH = YES;
				ONLY_ACTIVE_ARCH = YES;
				SDKROOT = iphoneos;
				SWIFT_ACTIVE_COMPILATION_CONDITIONS = DEBUG;
				SWIFT_OPTIMIZATION_LEVEL = "-Onone";
			};
			name = Debug;
		};
		B7FDDC962209418A00318481 /* Release */ = {
			isa = XCBuildConfiguration;
			buildSettings = {
				ALWAYS_SEARCH_USER_PATHS = NO;
				CLANG_ANALYZER_NONNULL = YES;
				CLANG_ANALYZER_NUMBER_OBJECT_CONVERSION = YES_AGGRESSIVE;
				CLANG_CXX_LANGUAGE_STANDARD = "gnu++14";
				CLANG_CXX_LIBRARY = "libc++";
				CLANG_ENABLE_MODULES = YES;
				CLANG_ENABLE_OBJC_ARC = YES;
				CLANG_ENABLE_OBJC_WEAK = YES;
				CLANG_WARN_BLOCK_CAPTURE_AUTORELEASING = YES;
				CLANG_WARN_BOOL_CONVERSION = YES;
				CLANG_WARN_COMMA = YES;
				CLANG_WARN_CONSTANT_CONVERSION = YES;
				CLANG_WARN_DEPRECATED_OBJC_IMPLEMENTATIONS = YES;
				CLANG_WARN_DIRECT_OBJC_ISA_USAGE = YES_ERROR;
				CLANG_WARN_DOCUMENTATION_COMMENTS = YES;
				CLANG_WARN_EMPTY_BODY = YES;
				CLANG_WARN_ENUM_CONVERSION = YES;
				CLANG_WARN_INFINITE_RECURSION = YES;
				CLANG_WARN_INT_CONVERSION = YES;
				CLANG_WARN_NON_LITERAL_NULL_CONVERSION = YES;
				CLANG_WARN_OBJC_IMPLICIT_RETAIN_SELF = YES;
				CLANG_WARN_OBJC_LITERAL_CONVERSION = YES;
				CLANG_WARN_OBJC_ROOT_CLASS = YES_ERROR;
				CLANG_WARN_RANGE_LOOP_ANALYSIS = YES;
				CLANG_WARN_STRICT_PROTOTYPES = YES;
				CLANG_WARN_SUSPICIOUS_MOVE = YES;
				CLANG_WARN_UNGUARDED_AVAILABILITY = YES_AGGRESSIVE;
				CLANG_WARN_UNREACHABLE_CODE = YES;
				CLANG_WARN__DUPLICATE_METHOD_MATCH = YES;
				CODE_SIGN_IDENTITY = "iPhone Developer";
				COPY_PHASE_STRIP = NO;
				DEBUG_INFORMATION_FORMAT = "dwarf-with-dsym";
				ENABLE_NS_ASSERTIONS = NO;
				ENABLE_STRICT_OBJC_MSGSEND = YES;
				GCC_C_LANGUAGE_STANDARD = gnu11;
				GCC_NO_COMMON_BLOCKS = YES;
				GCC_WARN_64_TO_32_BIT_CONVERSION = YES;
				GCC_WARN_ABOUT_RETURN_TYPE = YES_ERROR;
				GCC_WARN_UNDECLARED_SELECTOR = YES;
				GCC_WARN_UNINITIALIZED_AUTOS = YES_AGGRESSIVE;
				GCC_WARN_UNUSED_FUNCTION = YES;
				GCC_WARN_UNUSED_VARIABLE = YES;
				IPHONEOS_DEPLOYMENT_TARGET = 13.0;
				MTL_ENABLE_DEBUG_INFO = NO;
				MTL_FAST_MATH = YES;
				SDKROOT = iphoneos;
				SWIFT_COMPILATION_MODE = wholemodule;
				SWIFT_OPTIMIZATION_LEVEL = "-O";
				VALIDATE_PRODUCT = YES;
			};
			name = Release;
		};
		B7FDDC982209418A00318481 /* Debug */ = {
			isa = XCBuildConfiguration;
			baseConfigurationReference = B301E10E89C1FE0A49A72E8F /* Pods-Sixtymaster.debug.xcconfig */;
			buildSettings = {
				ASSETCATALOG_COMPILER_APPICON_NAME = AppIcon;
				CODE_SIGN_ENTITLEMENTS = "Sixtymaster/台灣好廟快搜.entitlements";
				CODE_SIGN_STYLE = Automatic;
				CURRENT_PROJECT_VERSION = 10;
				DEVELOPMENT_TEAM = 9SDG9LYLGC;
				INFOPLIST_FILE = Sixtymaster/Info.plist;
				IPHONEOS_DEPLOYMENT_TARGET = 13.0;
				LD_RUNPATH_SEARCH_PATHS = (
					"$(inherited)",
					"@executable_path/Frameworks",
				);
				MARKETING_VERSION = 1.9;
				PRODUCT_BUNDLE_IDENTIFIER = com.jackpan.Sixtymasters;
				PRODUCT_NAME = "台灣好廟快搜";
				SWIFT_VERSION = 4.2;
				TARGETED_DEVICE_FAMILY = 1;
			};
			name = Debug;
		};
		B7FDDC992209418A00318481 /* Release */ = {
			isa = XCBuildConfiguration;
			baseConfigurationReference = 0C9C5CB78DB300155B3A0108 /* Pods-Sixtymaster.release.xcconfig */;
			buildSettings = {
				ASSETCATALOG_COMPILER_APPICON_NAME = AppIcon;
				CODE_SIGN_ENTITLEMENTS = "Sixtymaster/台灣好廟快搜.entitlements";
				CODE_SIGN_STYLE = Automatic;
				CURRENT_PROJECT_VERSION = 10;
				DEVELOPMENT_TEAM = 9SDG9LYLGC;
				INFOPLIST_FILE = Sixtymaster/Info.plist;
				IPHONEOS_DEPLOYMENT_TARGET = 13.0;
				LD_RUNPATH_SEARCH_PATHS = (
					"$(inherited)",
					"@executable_path/Frameworks",
				);
				MARKETING_VERSION = 1.9;
				PRODUCT_BUNDLE_IDENTIFIER = com.jackpan.Sixtymasters;
				PRODUCT_NAME = "台灣好廟快搜";
				SWIFT_VERSION = 4.2;
				TARGETED_DEVICE_FAMILY = 1;
			};
			name = Release;
		};
/* End XCBuildConfiguration section */

/* Begin XCConfigurationList section */
		B7FDDC802209418900318481 /* Build configuration list for PBXProject "Sixtymaster" */ = {
			isa = XCConfigurationList;
			buildConfigurations = (
				B7FDDC952209418A00318481 /* Debug */,
				B7FDDC962209418A00318481 /* Release */,
			);
			defaultConfigurationIsVisible = 0;
			defaultConfigurationName = Release;
		};
		B7FDDC972209418A00318481 /* Build configuration list for PBXNativeTarget "Sixtymaster" */ = {
			isa = XCConfigurationList;
			buildConfigurations = (
				B7FDDC982209418A00318481 /* Debug */,
				B7FDDC992209418A00318481 /* Release */,
			);
			defaultConfigurationIsVisible = 0;
			defaultConfigurationName = Release;
		};
/* End XCConfigurationList section */
	};
	rootObject = B7FDDC7D2209418900318481 /* Project object */;
}
